
Microsoft Visual Studio Solution File, Format Version 12.00
# Visual Studio 15
VisualStudioVersion = 15.0.27703.2026
MinimumVisualStudioVersion = 10.0.40219.1
Project("{FAE04EC0-301F-11D3-BF4B-00C04F79EFBC}") = "WebAPI", "WebAPI\WebAPI.csproj", "{1B135764-8F34-4C9A-95E7-A44519EBBB63}"
EndProject
Project("{FAE04EC0-301F-11D3-BF4B-00C04F79EFBC}") = "Repositorie", "Repositorie\Repositorie.csproj", "{6131C29F-889E-4762-87C4-0E5182572FCE}"
EndProject
Project("{FAE04EC0-301F-11D3-BF4B-00C04F79EFBC}") = "Service", "Service\Service.csproj", "{C24C31A5-4175-4128-9358-ABA6033685CC}"
EndProject
Project("{FAE04EC0-301F-11D3-BF4B-00C04F79EFBC}") = "DTOModel", "DTOModel\DTOModel.csproj", "{C92CF04C-955F-4F48-98D5-048D5BE71A47}"
EndProject
Project("{FAE04EC0-301F-11D3-BF4B-00C04F79EFBC}") = "EnityModel", "EnityModel\EnityModel.csproj", "{EF943EF6-65A7-47B9-B871-4871D0F76336}"
EndProject
Project("{FAE04EC0-301F-11D3-BF4B-00C04F79EFBC}") = "Utilities", "Utilities\Utilities.csproj", "{47A8371F-6B59-4AF0-81BA-8661AFEFCF50}"
EndProject
Global
	GlobalSection(SolutionConfigurationPlatforms) = preSolution
		Debug|Any CPU = Debug|Any CPU
		Release|Any CPU = Release|Any CPU
	EndGlobalSection
	GlobalSection(ProjectConfigurationPlatforms) = postSolution
		{1B135764-8F34-4C9A-95E7-A44519EBBB63}.Debug|Any CPU.ActiveCfg = Debug|Any CPU
		{1B135764-8F34-4C9A-95E7-A44519EBBB63}.Debug|Any CPU.Build.0 = Debug|Any CPU
		{1B135764-8F34-4C9A-95E7-A44519EBBB63}.Release|Any CPU.ActiveCfg = Release|Any CPU
		{1B135764-8F34-4C9A-95E7-A44519EBBB63}.Release|Any CPU.Build.0 = Release|Any CPU
		{6131C29F-889E-4762-87C4-0E5182572FCE}.Debug|Any CPU.ActiveCfg = Debug|Any CPU
		{6131C29F-889E-4762-87C4-0E5182572FCE}.Debug|Any CPU.Build.0 = Debug|Any CPU
		{6131C29F-889E-4762-87C4-0E5182572FCE}.Release|Any CPU.ActiveCfg = Release|Any CPU
		{6131C29F-889E-4762-87C4-0E5182572FCE}.Release|Any CPU.Build.0 = Release|Any CPU
		{C24C31A5-4175-4128-9358-ABA6033685CC}.Debug|Any CPU.ActiveCfg = Debug|Any CPU
		{C24C31A5-4175-4128-9358-ABA6033685CC}.Debug|Any CPU.Build.0 = Debug|Any CPU
		{C24C31A5-4175-4128-9358-ABA6033685CC}.Release|Any CPU.ActiveCfg = Release|Any CPU
		{C24C31A5-4175-4128-9358-ABA6033685CC}.Release|Any CPU.Build.0 = Release|Any CPU
		{C92CF04C-955F-4F48-98D5-048D5BE71A47}.Debug|Any CPU.ActiveCfg = Debug|Any CPU
		{C92CF04C-955F-4F48-98D5-048D5BE71A47}.Debug|Any CPU.Build.0 = Debug|Any CPU
		{C92CF04C-955F-4F48-98D5-048D5BE71A47}.Release|Any CPU.ActiveCfg = Release|Any CPU
		{C92CF04C-955F-4F48-98D5-048D5BE71A47}.Release|Any CPU.Build.0 = Release|Any CPU
		{EF943EF6-65A7-47B9-B871-4871D0F76336}.Debug|Any CPU.ActiveCfg = Debug|Any CPU
		{EF943EF6-65A7-47B9-B871-4871D0F76336}.Debug|Any CPU.Build.0 = Debug|Any CPU
		{EF943EF6-65A7-47B9-B871-4871D0F76336}.Release|Any CPU.ActiveCfg = Release|Any CPU
		{EF943EF6-65A7-47B9-B871-4871D0F76336}.Release|Any CPU.Build.0 = Release|Any CPU
		{47A8371F-6B59-4AF0-81BA-8661AFEFCF50}.Debug|Any CPU.ActiveCfg = Debug|Any CPU
		{47A8371F-6B59-4AF0-81BA-8661AFEFCF50}.Debug|Any CPU.Build.0 = Debug|Any CPU
		{47A8371F-6B59-4AF0-81BA-8661AFEFCF50}.Release|Any CPU.ActiveCfg = Release|Any CPU
		{47A8371F-6B59-4AF0-81BA-8661AFEFCF50}.Release|Any CPU.Build.0 = Release|Any CPU
	EndGlobalSection
	GlobalSection(SolutionProperties) = preSolution
		HideSolutionNode = FALSE
	EndGlobalSection
	GlobalSection(ExtensibilityGlobals) = postSolution
		SolutionGuid = {F8BE1CEA-B3DA-4305-8645-A6C2C8B4F4AD}
	EndGlobalSection
EndGlobal
